<?xml version="1.0" encoding="utf-8"?>
<Project ToolsVersion="4.0" xmlns="http://schemas.microsoft.com/developer/msbuild/2003">
  <ItemGroup>
    <Filter Include="Source Files">
      <UniqueIdentifier>{2ddd286f-3a61-4ad6-912e-d5d67f743b46}</UniqueIdentifier>
      <Extensions>cpp;c;cxx;rc;def;r;odl;idl;hpj;bat</Extensions>
    </Filter>
    <Filter Include="Resource Files">
      <UniqueIdentifier>{0e745f4c-4c3d-435d-833f-ae9eae85ce3d}</UniqueIdentifier>
      <Extensions>ico;cur;bmp;dlg;rc2;rct;bin;rgs;gif;jpg;jpeg;jpe</Extensions>
    </Filter>
    <Filter Include="Source Files\Old">
      <UniqueIdentifier>{0fbe375c-a157-4685-87fe-6ecb60ed9ac7}</UniqueIdentifier>
    </Filter>
    <Filter Include="Source Files\Client">
      <UniqueIdentifier>{f6ffdf0f-34a2-4314-aa85-224c8d96993e}</UniqueIdentifier>
    </Filter>
    <Filter Include="Source Files\Module">
      <UniqueIdentifier>{119c5d22-48fd-4226-b361-40e494c4a7ed}</UniqueIdentifier>
    </Filter>
    <Filter Include="Source Files\Server">
      <UniqueIdentifier>{08c434d0-f01b-425d-97ab-b7010507b4dd}</UniqueIdentifier>
    </Filter>
    <Filter Include="Source Files\Shared">
      <UniqueIdentifier>{d9eccc2c-4595-4966-8800-2ab8fb9dc6dc}</UniqueIdentifier>
    </Filter>
    <Filter Include="Source Files\Client\Video">
      <UniqueIdentifier>{44369c9b-21ea-4c07-80d4-d97ddf1896de}</UniqueIdentifier>
    </Filter>
    <Filter Include="Source Files\Client\Audio">
      <UniqueIdentifier>{41878bc9-e1f8-4c6d-ae44-0a759cff218d}</UniqueIdentifier>
    </Filter>
  </ItemGroup>
  <ItemGroup>
    <ClCompile Include="Engine\engine_server.c">
      <Filter>Source Files\Server</Filter>
    </ClCompile>
    <ClCompile Include="Shared\shared_math.c">
      <Filter>Source Files\Shared</Filter>
    </ClCompile>
    <ClCompile Include="Engine\engine_audio.c">
      <Filter>Source Files\Client\Audio</Filter>
    </ClCompile>
    <ClCompile Include="snd_dma.c">
      <Filter>Source Files\Old</Filter>
    </ClCompile>
    <ClCompile Include="snd_mem.c">
      <Filter>Source Files\Old</Filter>
    </ClCompile>
    <ClCompile Include="snd_mix.c">
      <Filter>Source Files\Old</Filter>
    </ClCompile>
    <ClCompile Include="snd_win.c">
      <Filter>Source Files\Old</Filter>
    </ClCompile>
    <ClCompile Include="sv_main.c">
      <Filter>Source Files\Old</Filter>
    </ClCompile>
    <ClCompile Include="sv_user.c">
      <Filter>Source Files\Old</Filter>
    </ClCompile>
    <ClCompile Include="sys_win.c">
      <Filter>Source Files\Old</Filter>
    </ClCompile>
    <ClCompile Include="cvar.c">
      <Filter>Source Files\Old</Filter>
    </ClCompile>
    <ClCompile Include="crc.c">
      <Filter>Source Files\Old</Filter>
    </ClCompile>
    <ClCompile Include="conproc.c">
      <Filter>Source Files\Old</Filter>
    </ClCompile>
    <ClCompile Include="cmd.c">
      <Filter>Source Files\Old</Filter>
    </ClCompile>
    <ClCompile Include="zone.c">
      <Filter>Source Files\Old</Filter>
    </ClCompile>
    <ClCompile Include="world.c">
      <Filter>Source Files\Old</Filter>
    </ClCompile>
    <ClCompile Include="pr_edict.c">
      <Filter>Source Files\Old</Filter>
    </ClCompile>
    <ClCompile Include="net_win.c">
      <Filter>Source Files\Old</Filter>
    </ClCompile>
    <ClCompile Include="net_main.c">
      <Filter>Source Files\Old</Filter>
    </ClCompile>
    <ClCompile Include="host.c">
      <Filter>Source Files\Old</Filter>
    </ClCompile>
    <ClCompile Include="host_cmd.c">
      <Filter>Source Files\Old</Filter>
    </ClCompile>
    <ClCompile Include="image.c">
      <Filter>Source Files\Old</Filter>
    </ClCompile>
    <ClCompile Include="net_dgrm.c">
      <Filter>Source Files\Old</Filter>
    </ClCompile>
    <ClCompile Include="net_wins.c">
      <Filter>Source Files\Old</Filter>
    </ClCompile>
    <ClCompile Include="net_loop.c">
      <Filter>Source Files\Old</Filter>
    </ClCompile>
    <ClCompile Include="keys.c">
      <Filter>Source Files\Old</Filter>
    </ClCompile>
    <ClCompile Include="chase.c">
      <Filter>Source Files\Old</Filter>
    </ClCompile>
    <ClCompile Include="console.c">
      <Filter>Source Files\Old</Filter>
    </ClCompile>
    <ClCompile Include="menu.c">
      <Filter>Source Files\Old</Filter>
    </ClCompile>
    <ClCompile Include="sbar.c">
      <Filter>Source Files\Old</Filter>
    </ClCompile>
    <ClCompile Include="cl_demo.c">
      <Filter>Source Files\Old</Filter>
    </ClCompile>
    <ClCompile Include="cl_input.c">
      <Filter>Source Files\Old</Filter>
    </ClCompile>
    <ClCompile Include="cl_main.c">
      <Filter>Source Files\Old</Filter>
    </ClCompile>
    <ClCompile Include="cl_parse.c">
      <Filter>Source Files\Old</Filter>
    </ClCompile>
    <ClCompile Include="cl_tent.c">
      <Filter>Source Files\Old</Filter>
    </ClCompile>
    <ClCompile Include="common\SCRIPLIB.C">
      <Filter>Source Files\Old</Filter>
    </ClCompile>
    <ClCompile Include="common.c">
      <Filter>Source Files\Old</Filter>
    </ClCompile>
    <ClCompile Include="common\CMDLIB.C">
      <Filter>Source Files\Old</Filter>
    </ClCompile>
    <ClCompile Include="Engine\engine_main.c">
      <Filter>Source Files</Filter>
    </ClCompile>
    <ClCompile Include="Engine\engine_client.c">
      <Filter>Source Files\Client</Filter>
    </ClCompile>
    <ClCompile Include="Engine\engine_game.c">
      <Filter>Source Files\Module</Filter>
    </ClCompile>
    <ClCompile Include="KatGL.c">
      <Filter>Source Files\Old</Filter>
    </ClCompile>
    <ClCompile Include="r_brush.c">
      <Filter>Source Files\Old</Filter>
    </ClCompile>
    <ClCompile Include="r_world.c">
      <Filter>Source Files\Old</Filter>
    </ClCompile>
    <ClCompile Include="gl_warp.c">
      <Filter>Source Files\Old</Filter>
    </ClCompile>
    <ClCompile Include="gl_vidnt.c">
      <Filter>Source Files\Old</Filter>
    </ClCompile>
    <ClCompile Include="gl_sky.c">
      <Filter>Source Files\Old</Filter>
    </ClCompile>
    <ClCompile Include="gl_rmisc.c">
      <Filter>Source Files\Old</Filter>
    </ClCompile>
    <ClCompile Include="gl_refrag.c">
      <Filter>Source Files\Old</Filter>
    </ClCompile>
    <ClCompile Include="gl_model.c">
      <Filter>Source Files\Old</Filter>
    </ClCompile>
    <ClCompile Include="gl_fog.c">
      <Filter>Source Files\Old</Filter>
    </ClCompile>
    <ClCompile Include="gl_alias.c">
      <Filter>Source Files\Old</Filter>
    </ClCompile>
    <ClCompile Include="gl_draw.c">
      <Filter>Source Files\Old</Filter>
    </ClCompile>
    <ClCompile Include="gl_rmain.c">
      <Filter>Source Files\Old</Filter>
    </ClCompile>
    <ClCompile Include="gl_texmgr.c">
      <Filter>Source Files\Old</Filter>
    </ClCompile>
    <ClCompile Include="Engine\engine_video.c">
      <Filter>Source Files\Client\Video</Filter>
    </ClCompile>
    <ClCompile Include="Engine\engine_view.c">
      <Filter>Source Files\Client</Filter>
    </ClCompile>
    <ClCompile Include="Engine\engine_input.c">
      <Filter>Source Files\Client</Filter>
    </ClCompile>
    <ClCompile Include="Engine\engine_masterserver.c">
      <Filter>Source Files\Server</Filter>
    </ClCompile>
    <ClCompile Include="Engine\engine_loader.c">
      <Filter>Source Files</Filter>
    </ClCompile>
    <ClCompile Include="Engine\engine_script.c">
      <Filter>Source Files\Server</Filter>
    </ClCompile>
    <ClCompile Include="Engine\engine_physics.c">
      <Filter>Source Files\Server</Filter>
    </ClCompile>
    <ClCompile Include="Include\glee\GLee.c">
      <Filter>Source Files\Client\Video</Filter>
    </ClCompile>
    <ClCompile Include="Engine\engine_menu.c">
      <Filter>Source Files\Module</Filter>
    </ClCompile>
    <ClCompile Include="Engine\engine_light.c">
      <Filter>Source Files\Client\Video</Filter>
    </ClCompile>
    <ClCompile Include="Engine\engine_sprite.c">
      <Filter>Source Files\Client\Video</Filter>
    </ClCompile>
    <ClCompile Include="Engine\engine_network.c">
      <Filter>Source Files</Filter>
    </ClCompile>
    <ClCompile Include="Engine\engine_console.c">
      <Filter>Source Files</Filter>
    </ClCompile>
    <ClCompile Include="Shared\shared_png.c">
      <Filter>Source Files\Shared</Filter>
    </ClCompile>
    <ClCompile Include="engine\engine_editor.c">
      <Filter>Source Files\Module</Filter>
    </ClCompile>
    <ClCompile Include="engine\engine_screen.c">
      <Filter>Source Files\Client\Video</Filter>
    </ClCompile>
  </ItemGroup>
  <ItemGroup>
    <ResourceCompile Include="winquake.rc">
      <Filter>Resource Files</Filter>
    </ResourceCompile>
  </ItemGroup>
  <ItemGroup>
    <ClInclude Include="resource.h" />
    <ClInclude Include="game\Shared\KatShared.h">
      <Filter>Source Files\Shared</Filter>
    </ClInclude>
    <ClInclude Include="Shared\shared_formats.h">
      <Filter>Source Files\Shared</Filter>
    </ClInclude>
    <ClInclude Include="Shared\shared_flags.h">
      <Filter>Source Files\Shared</Filter>
    </ClInclude>
    <ClInclude Include="Shared\shared_module.h">
      <Filter>Source Files\Shared</Filter>
    </ClInclude>
    <ClInclude Include="Engine\engine_audio.h">
      <Filter>Source Files\Client\Audio</Filter>
    </ClInclude>
    <ClInclude Include="Engine\engine_server.h">
      <Filter>Source Files\Server</Filter>
    </ClInclude>
    <ClInclude Include="Shared\shared_math.h">
      <Filter>Source Files\Shared</Filter>
    </ClInclude>
    <ClInclude Include="Shared\shared_engine.h">
      <Filter>Source Files\Shared</Filter>
    </ClInclude>
    <ClInclude Include="Shared\shared_client.h">
      <Filter>Source Files\Shared</Filter>
    </ClInclude>
    <ClInclude Include="Shared\shared_editor.h">
      <Filter>Source Files\Shared</Filter>
    </ClInclude>
    <ClInclude Include="sound.h">
      <Filter>Source Files\Old</Filter>
    </ClInclude>
    <ClInclude Include="server.h">
      <Filter>Source Files\Old</Filter>
    </ClInclude>
    <ClInclude Include="utils\modelgen\modelgen\ANORMS.H">
      <Filter>Source Files\Old</Filter>
    </ClInclude>
    <ClInclude Include="draw.h">
      <Filter>Source Files\Old</Filter>
    </ClInclude>
    <ClInclude Include="cvar.h">
      <Filter>Source Files\Old</Filter>
    </ClInclude>
    <ClInclude Include="crc.h">
      <Filter>Source Files\Old</Filter>
    </ClInclude>
    <ClInclude Include="conproc.h">
      <Filter>Source Files\Old</Filter>
    </ClInclude>
    <ClInclude Include="cmd.h">
      <Filter>Source Files\Old</Filter>
    </ClInclude>
    <ClInclude Include="bspfile.h">
      <Filter>Source Files\Old</Filter>
    </ClInclude>
    <ClInclude Include="zone.h">
      <Filter>Source Files\Old</Filter>
    </ClInclude>
    <ClInclude Include="world.h">
      <Filter>Source Files\Old</Filter>
    </ClInclude>
    <ClInclude Include="winquake.h">
      <Filter>Source Files\Old</Filter>
    </ClInclude>
    <ClInclude Include="vid.h">
      <Filter>Source Files\Old</Filter>
    </ClInclude>
    <ClInclude Include="sys.h">
      <Filter>Source Files\Old</Filter>
    </ClInclude>
    <ClInclude Include="screen.h">
      <Filter>Source Files\Old</Filter>
    </ClInclude>
    <ClInclude Include="render.h">
      <Filter>Source Files\Old</Filter>
    </ClInclude>
    <ClInclude Include="quakedef.h">
      <Filter>Source Files\Old</Filter>
    </ClInclude>
    <ClInclude Include="protocol.h">
      <Filter>Source Files\Old</Filter>
    </ClInclude>
    <ClInclude Include="image.h">
      <Filter>Source Files\Old</Filter>
    </ClInclude>
    <ClInclude Include="keys.h">
      <Filter>Source Files\Old</Filter>
    </ClInclude>
    <ClInclude Include="net_dgrm.h">
      <Filter>Source Files\Old</Filter>
    </ClInclude>
    <ClInclude Include="view.h">
      <Filter>Source Files\Old</Filter>
    </ClInclude>
    <ClInclude Include="progs.h">
      <Filter>Source Files\Old</Filter>
    </ClInclude>
    <ClInclude Include="pr_comp.h">
      <Filter>Source Files\Old</Filter>
    </ClInclude>
    <ClInclude Include="net_wins.h">
      <Filter>Source Files\Old</Filter>
    </ClInclude>
    <ClInclude Include="net_loop.h">
      <Filter>Source Files\Old</Filter>
    </ClInclude>
    <ClInclude Include="net_ser.h">
      <Filter>Source Files\Old</Filter>
    </ClInclude>
    <ClInclude Include="net.h">
      <Filter>Source Files\Old</Filter>
    </ClInclude>
    <ClInclude Include="anorm_dots.h">
      <Filter>Source Files\Old</Filter>
    </ClInclude>
    <ClInclude Include="anorms.h">
      <Filter>Source Files\Old</Filter>
    </ClInclude>
    <ClInclude Include="asm_i386.h">
      <Filter>Source Files\Old</Filter>
    </ClInclude>
    <ClInclude Include="console.h">
      <Filter>Source Files\Old</Filter>
    </ClInclude>
    <ClInclude Include="menu.h">
      <Filter>Source Files\Old</Filter>
    </ClInclude>
    <ClInclude Include="sbar.h">
      <Filter>Source Files\Old</Filter>
    </ClInclude>
    <ClInclude Include="client.h">
      <Filter>Source Files\Old</Filter>
    </ClInclude>
    <ClInclude Include="common\SCRIPLIB.H">
      <Filter>Source Files\Old</Filter>
    </ClInclude>
    <ClInclude Include="common.h">
      <Filter>Source Files\Old</Filter>
    </ClInclude>
    <ClInclude Include="common\CMDLIB.H">
      <Filter>Source Files\Old</Filter>
    </ClInclude>
    <ClInclude Include="Engine\engine_main.h">
      <Filter>Source Files</Filter>
    </ClInclude>
    <ClInclude Include="Engine\engine_client.h">
      <Filter>Source Files\Client</Filter>
    </ClInclude>
    <ClInclude Include="KatEditor.h">
      <Filter>Source Files\Old</Filter>
    </ClInclude>
    <ClInclude Include="glquake.h">
      <Filter>Source Files\Old</Filter>
    </ClInclude>
    <ClInclude Include="KatAlias.h">
      <Filter>Source Files\Old</Filter>
    </ClInclude>
    <ClInclude Include="KatGL.h">
      <Filter>Source Files\Old</Filter>
    </ClInclude>
    <ClInclude Include="gl_texmgr.h">
      <Filter>Source Files\Old</Filter>
    </ClInclude>
    <ClInclude Include="gl_model.h">
      <Filter>Source Files\Old</Filter>
    </ClInclude>
    <ClInclude Include="Engine\engine_video.h">
      <Filter>Source Files\Client\Video</Filter>
    </ClInclude>
    <ClInclude Include="Engine\engine_input.h">
      <Filter>Source Files\Client</Filter>
    </ClInclude>
    <ClInclude Include="Shared\shared_server.h">
      <Filter>Source Files\Shared</Filter>
    </ClInclude>
    <ClInclude Include="Engine\engine_edict.h">
      <Filter>Source Files\Server</Filter>
    </ClInclude>
    <ClInclude Include="Engine\engine_loader.h">
      <Filter>Source Files</Filter>
    </ClInclude>
    <ClInclude Include="Engine\engine_script.h">
      <Filter>Source Files\Server</Filter>
    </ClInclude>
    <ClInclude Include="Engine\engine_physics.h">
      <Filter>Source Files\Server</Filter>
    </ClInclude>
    <ClInclude Include="Include\glee\GLee.h">
      <Filter>Source Files\Client\Video</Filter>
    </ClInclude>
    <ClInclude Include="Shared\shared_menu.h">
      <Filter>Source Files\Shared</Filter>
    </ClInclude>
    <ClInclude Include="Engine\engine_menu.h">
      <Filter>Source Files\Module</Filter>
    </ClInclude>
    <ClInclude Include="Engine\engine_console.h">
      <Filter>Source Files</Filter>
    </ClInclude>
    <ClInclude Include="Shared\shared_png.h">
      <Filter>Source Files\Shared</Filter>
    </ClInclude>
  </ItemGroup>
  <ItemGroup>
    <CustomBuild Include="katana.ico">
      <Filter>Resource Files</Filter>
    </CustomBuild>
  </ItemGroup>
</Project>