
Microsoft Visual Studio Solution File, Format Version 12.00
# Visual Studio Express 2013 for Windows Desktop
VisualStudioVersion = 12.0.21005.1
MinimumVisualStudioVersion = 10.0.40219.1
Project("{2150E333-8FDC-42A3-9474-1A3956D46DE8}") = "Modules", "Modules", "{C752AD1B-A414-4403-A927-1F6D033C9418}"
EndProject
Project("{2150E333-8FDC-42A3-9474-1A3956D46DE8}") = "Tools", "Tools", "{F8F2B76F-AEE3-4130-9A78-94BF985EACC2}"
EndProject
Project("{8BC9CEB8-8B4A-11D0-8D11-00A0C91BC942}") = "Launcher", "launcher\Launcher.vcxproj", "{0D435709-1C21-446A-BE4E-A41438087A4D}"
	ProjectSection(ProjectDependencies) = postProject
		{5588B942-90A0-63A2-3369-523F456D79C5} = {5588B942-90A0-63A2-3369-523F456D79C5}
		{6BA71186-7156-4A79-ABAD-FC46D4492EA0} = {6BA71186-7156-4A79-ABAD-FC46D4492EA0}
		{91D40B93-1C1E-E4D2-8C8F-255471CCA0EC} = {91D40B93-1C1E-E4D2-8C8F-255471CCA0EC}
		{5A2253BD-BDF0-4F0C-A53F-382D3EB5C4BE} = {5A2253BD-BDF0-4F0C-A53F-382D3EB5C4BE}
		{DDDBE2D3-7AFE-4CBF-8DE5-636374F63DF2} = {DDDBE2D3-7AFE-4CBF-8DE5-636374F63DF2}
	EndProjectSection
EndProject
Project("{8BC9CEB8-8B4A-11D0-8D11-00A0C91BC942}") = "Level", "level\Level.vcxproj", "{9E7DC621-0D2D-803C-AAD4-6DDFA9C191E1}"
EndProject
Project("{8BC9CEB8-8B4A-11D0-8D11-00A0C91BC942}") = "Editor", "viewer\msvc\Kviewer.vcxproj", "{4529FB44-995D-49FD-B38C-50E175C87E04}"
	ProjectSection(ProjectDependencies) = postProject
		{91D40B93-1C1E-E4D2-8C8F-255471CCA0EC} = {91D40B93-1C1E-E4D2-8C8F-255471CCA0EC}
	EndProjectSection
EndProject
Project("{2150E333-8FDC-42A3-9474-1A3956D46DE8}") = "Libraries", "Libraries", "{A1423832-9C78-4437-AB29-7C59F21B1D4A}"
EndProject
Project("{8BC9CEB8-8B4A-11D0-8D11-00A0C91BC942}") = "mxToolKit", "external\mxtx\msvc\mxToolKit Win32.vcxproj", "{91D40B93-1C1E-E4D2-8C8F-255471CCA0EC}"
EndProject
Project("{8BC9CEB8-8B4A-11D0-8D11-00A0C91BC942}") = "Engine", "engine\Engine.vcxproj", "{5588B942-90A0-63A2-3369-523F456D79C5}"
EndProject
Project("{8BC9CEB8-8B4A-11D0-8D11-00A0C91BC942}") = "Platform", "platform\Platform.vcxproj", "{DDDBE2D3-7AFE-4CBF-8DE5-636374F63DF2}"
EndProject
Project("{8BC9CEB8-8B4A-11D0-8D11-00A0C91BC942}") = "Menu", "menu\Menu.vcxproj", "{5A2253BD-BDF0-4F0C-A53F-382D3EB5C4BE}"
	ProjectSection(ProjectDependencies) = postProject
		{DDDBE2D3-7AFE-4CBF-8DE5-636374F63DF2} = {DDDBE2D3-7AFE-4CBF-8DE5-636374F63DF2}
	EndProjectSection
EndProject
Project("{8BC9CEB8-8B4A-11D0-8D11-00A0C91BC942}") = "Game", "game\Game.vcxproj", "{6BA71186-7156-4A79-ABAD-FC46D4492EA0}"
	ProjectSection(ProjectDependencies) = postProject
		{DDDBE2D3-7AFE-4CBF-8DE5-636374F63DF2} = {DDDBE2D3-7AFE-4CBF-8DE5-636374F63DF2}
	EndProjectSection
EndProject
Global
	GlobalSection(SolutionConfigurationPlatforms) = preSolution
		Debug (Adamas)|Win32 = Debug (Adamas)|Win32
		Debug (Adamas)|x64 = Debug (Adamas)|x64
		Debug (Ictus)|Win32 = Debug (Ictus)|Win32
		Debug (Ictus)|x64 = Debug (Ictus)|x64
		Debug (OpenKatana)|Win32 = Debug (OpenKatana)|Win32
		Debug (OpenKatana)|x64 = Debug (OpenKatana)|x64
		Debug|Win32 = Debug|Win32
		Debug|x64 = Debug|x64
		Release|Win32 = Release|Win32
		Release|x64 = Release|x64
	EndGlobalSection
	GlobalSection(ProjectConfigurationPlatforms) = postSolution
		{0D435709-1C21-446A-BE4E-A41438087A4D}.Debug (Adamas)|Win32.ActiveCfg = Release|Win32
		{0D435709-1C21-446A-BE4E-A41438087A4D}.Debug (Adamas)|x64.ActiveCfg = Release|Win32
		{0D435709-1C21-446A-BE4E-A41438087A4D}.Debug (Ictus)|Win32.ActiveCfg = Debug (Ictus)|Win32
		{0D435709-1C21-446A-BE4E-A41438087A4D}.Debug (Ictus)|x64.ActiveCfg = Debug (Ictus)|Win32
		{0D435709-1C21-446A-BE4E-A41438087A4D}.Debug (OpenKatana)|Win32.ActiveCfg = Release|Win32
		{0D435709-1C21-446A-BE4E-A41438087A4D}.Debug (OpenKatana)|x64.ActiveCfg = Release|Win32
		{0D435709-1C21-446A-BE4E-A41438087A4D}.Debug|Win32.ActiveCfg = Debug|Win32
		{0D435709-1C21-446A-BE4E-A41438087A4D}.Debug|Win32.Build.0 = Debug|Win32
		{0D435709-1C21-446A-BE4E-A41438087A4D}.Debug|x64.ActiveCfg = Debug|Win32
		{0D435709-1C21-446A-BE4E-A41438087A4D}.Release|Win32.ActiveCfg = Release|Win32
		{0D435709-1C21-446A-BE4E-A41438087A4D}.Release|Win32.Build.0 = Release|Win32
		{0D435709-1C21-446A-BE4E-A41438087A4D}.Release|x64.ActiveCfg = Release|Win32
		{9E7DC621-0D2D-803C-AAD4-6DDFA9C191E1}.Debug (Adamas)|Win32.ActiveCfg = Release|Win32
		{9E7DC621-0D2D-803C-AAD4-6DDFA9C191E1}.Debug (Adamas)|x64.ActiveCfg = Release|x64
		{9E7DC621-0D2D-803C-AAD4-6DDFA9C191E1}.Debug (Adamas)|x64.Build.0 = Release|x64
		{9E7DC621-0D2D-803C-AAD4-6DDFA9C191E1}.Debug (Ictus)|Win32.ActiveCfg = Debug (Ictus)|Win32
		{9E7DC621-0D2D-803C-AAD4-6DDFA9C191E1}.Debug (Ictus)|x64.ActiveCfg = Debug (Ictus)|x64
		{9E7DC621-0D2D-803C-AAD4-6DDFA9C191E1}.Debug (Ictus)|x64.Build.0 = Debug (Ictus)|x64
		{9E7DC621-0D2D-803C-AAD4-6DDFA9C191E1}.Debug (OpenKatana)|Win32.ActiveCfg = Release|Win32
		{9E7DC621-0D2D-803C-AAD4-6DDFA9C191E1}.Debug (OpenKatana)|Win32.Build.0 = Release|Win32
		{9E7DC621-0D2D-803C-AAD4-6DDFA9C191E1}.Debug (OpenKatana)|x64.ActiveCfg = Release|x64
		{9E7DC621-0D2D-803C-AAD4-6DDFA9C191E1}.Debug|Win32.ActiveCfg = Debug|Win32
		{9E7DC621-0D2D-803C-AAD4-6DDFA9C191E1}.Debug|Win32.Build.0 = Debug|Win32
		{9E7DC621-0D2D-803C-AAD4-6DDFA9C191E1}.Debug|x64.ActiveCfg = Debug|Win32
		{9E7DC621-0D2D-803C-AAD4-6DDFA9C191E1}.Release|Win32.ActiveCfg = Release|Win32
		{9E7DC621-0D2D-803C-AAD4-6DDFA9C191E1}.Release|Win32.Build.0 = Release|Win32
		{9E7DC621-0D2D-803C-AAD4-6DDFA9C191E1}.Release|x64.ActiveCfg = Release|x64
		{9E7DC621-0D2D-803C-AAD4-6DDFA9C191E1}.Release|x64.Build.0 = Release|x64
		{4529FB44-995D-49FD-B38C-50E175C87E04}.Debug (Adamas)|Win32.ActiveCfg = Release|Win32
		{4529FB44-995D-49FD-B38C-50E175C87E04}.Debug (Adamas)|x64.ActiveCfg = Release|Win32
		{4529FB44-995D-49FD-B38C-50E175C87E04}.Debug (Ictus)|Win32.ActiveCfg = Debug (Ictus)|Win32
		{4529FB44-995D-49FD-B38C-50E175C87E04}.Debug (Ictus)|x64.ActiveCfg = Debug (Ictus)|Win32
		{4529FB44-995D-49FD-B38C-50E175C87E04}.Debug (OpenKatana)|Win32.ActiveCfg = Release|Win32
		{4529FB44-995D-49FD-B38C-50E175C87E04}.Debug (OpenKatana)|Win32.Build.0 = Release|Win32
		{4529FB44-995D-49FD-B38C-50E175C87E04}.Debug (OpenKatana)|x64.ActiveCfg = Release|Win32
		{4529FB44-995D-49FD-B38C-50E175C87E04}.Debug|Win32.ActiveCfg = Debug|Win32
		{4529FB44-995D-49FD-B38C-50E175C87E04}.Debug|Win32.Build.0 = Debug|Win32
		{4529FB44-995D-49FD-B38C-50E175C87E04}.Debug|x64.ActiveCfg = Debug|Win32
		{4529FB44-995D-49FD-B38C-50E175C87E04}.Release|Win32.ActiveCfg = Release|Win32
		{4529FB44-995D-49FD-B38C-50E175C87E04}.Release|Win32.Build.0 = Release|Win32
		{4529FB44-995D-49FD-B38C-50E175C87E04}.Release|x64.ActiveCfg = Release|Win32
		{91D40B93-1C1E-E4D2-8C8F-255471CCA0EC}.Debug (Adamas)|Win32.ActiveCfg = Release|Win32
		{91D40B93-1C1E-E4D2-8C8F-255471CCA0EC}.Debug (Adamas)|x64.ActiveCfg = Release|Win32
		{91D40B93-1C1E-E4D2-8C8F-255471CCA0EC}.Debug (Ictus)|Win32.ActiveCfg = Debug (Ictus)|Win32
		{91D40B93-1C1E-E4D2-8C8F-255471CCA0EC}.Debug (Ictus)|x64.ActiveCfg = Debug (Ictus)|Win32
		{91D40B93-1C1E-E4D2-8C8F-255471CCA0EC}.Debug (OpenKatana)|Win32.ActiveCfg = Release|Win32
		{91D40B93-1C1E-E4D2-8C8F-255471CCA0EC}.Debug (OpenKatana)|x64.ActiveCfg = Release|Win32
		{91D40B93-1C1E-E4D2-8C8F-255471CCA0EC}.Debug|Win32.ActiveCfg = Debug|Win32
		{91D40B93-1C1E-E4D2-8C8F-255471CCA0EC}.Debug|Win32.Build.0 = Debug|Win32
		{91D40B93-1C1E-E4D2-8C8F-255471CCA0EC}.Debug|x64.ActiveCfg = Debug|Win32
		{91D40B93-1C1E-E4D2-8C8F-255471CCA0EC}.Release|Win32.ActiveCfg = Release|Win32
		{91D40B93-1C1E-E4D2-8C8F-255471CCA0EC}.Release|Win32.Build.0 = Release|Win32
		{91D40B93-1C1E-E4D2-8C8F-255471CCA0EC}.Release|x64.ActiveCfg = Release|Win32
		{5588B942-90A0-63A2-3369-523F456D79C5}.Debug (Adamas)|Win32.ActiveCfg = Release|Win32
		{5588B942-90A0-63A2-3369-523F456D79C5}.Debug (Adamas)|x64.ActiveCfg = Release|x64
		{5588B942-90A0-63A2-3369-523F456D79C5}.Debug (Adamas)|x64.Build.0 = Release|x64
		{5588B942-90A0-63A2-3369-523F456D79C5}.Debug (Ictus)|Win32.ActiveCfg = Debug (Ictus)|Win32
		{5588B942-90A0-63A2-3369-523F456D79C5}.Debug (Ictus)|x64.ActiveCfg = Debug (Ictus)|x64
		{5588B942-90A0-63A2-3369-523F456D79C5}.Debug (Ictus)|x64.Build.0 = Debug (Ictus)|x64
		{5588B942-90A0-63A2-3369-523F456D79C5}.Debug (OpenKatana)|Win32.ActiveCfg = Release|Win32
		{5588B942-90A0-63A2-3369-523F456D79C5}.Debug (OpenKatana)|Win32.Build.0 = Release|Win32
		{5588B942-90A0-63A2-3369-523F456D79C5}.Debug (OpenKatana)|x64.ActiveCfg = Release|x64
		{5588B942-90A0-63A2-3369-523F456D79C5}.Debug|Win32.ActiveCfg = Debug|Win32
		{5588B942-90A0-63A2-3369-523F456D79C5}.Debug|Win32.Build.0 = Debug|Win32
		{5588B942-90A0-63A2-3369-523F456D79C5}.Debug|x64.ActiveCfg = Debug|x64
		{5588B942-90A0-63A2-3369-523F456D79C5}.Debug|x64.Build.0 = Debug|x64
		{5588B942-90A0-63A2-3369-523F456D79C5}.Release|Win32.ActiveCfg = Release|Win32
		{5588B942-90A0-63A2-3369-523F456D79C5}.Release|Win32.Build.0 = Release|Win32
		{5588B942-90A0-63A2-3369-523F456D79C5}.Release|x64.ActiveCfg = Release|x64
		{5588B942-90A0-63A2-3369-523F456D79C5}.Release|x64.Build.0 = Release|x64
		{DDDBE2D3-7AFE-4CBF-8DE5-636374F63DF2}.Debug (Adamas)|Win32.ActiveCfg = Release|Win32
		{DDDBE2D3-7AFE-4CBF-8DE5-636374F63DF2}.Debug (Adamas)|Win32.Build.0 = Release|Win32
		{DDDBE2D3-7AFE-4CBF-8DE5-636374F63DF2}.Debug (Adamas)|x64.ActiveCfg = Release|Win32
		{DDDBE2D3-7AFE-4CBF-8DE5-636374F63DF2}.Debug (Ictus)|Win32.ActiveCfg = Debug (Ictus)|Win32
		{DDDBE2D3-7AFE-4CBF-8DE5-636374F63DF2}.Debug (Ictus)|x64.ActiveCfg = Debug (Ictus)|x64
		{DDDBE2D3-7AFE-4CBF-8DE5-636374F63DF2}.Debug (Ictus)|x64.Build.0 = Debug (Ictus)|x64
		{DDDBE2D3-7AFE-4CBF-8DE5-636374F63DF2}.Debug (OpenKatana)|Win32.ActiveCfg = Release|Win32
		{DDDBE2D3-7AFE-4CBF-8DE5-636374F63DF2}.Debug (OpenKatana)|Win32.Build.0 = Release|Win32
		{DDDBE2D3-7AFE-4CBF-8DE5-636374F63DF2}.Debug (OpenKatana)|x64.ActiveCfg = Release|x64
		{DDDBE2D3-7AFE-4CBF-8DE5-636374F63DF2}.Debug (OpenKatana)|x64.Build.0 = Release|x64
		{DDDBE2D3-7AFE-4CBF-8DE5-636374F63DF2}.Debug|Win32.ActiveCfg = Debug|Win32
		{DDDBE2D3-7AFE-4CBF-8DE5-636374F63DF2}.Debug|Win32.Build.0 = Debug|Win32
		{DDDBE2D3-7AFE-4CBF-8DE5-636374F63DF2}.Debug|x64.ActiveCfg = Debug|Win32
		{DDDBE2D3-7AFE-4CBF-8DE5-636374F63DF2}.Release|Win32.ActiveCfg = Release|Win32
		{DDDBE2D3-7AFE-4CBF-8DE5-636374F63DF2}.Release|Win32.Build.0 = Release|Win32
		{DDDBE2D3-7AFE-4CBF-8DE5-636374F63DF2}.Release|x64.ActiveCfg = Release|Win32
		{5A2253BD-BDF0-4F0C-A53F-382D3EB5C4BE}.Debug (Adamas)|Win32.ActiveCfg = Debug (Adamas)|Win32
		{5A2253BD-BDF0-4F0C-A53F-382D3EB5C4BE}.Debug (Adamas)|Win32.Build.0 = Debug (Adamas)|Win32
		{5A2253BD-BDF0-4F0C-A53F-382D3EB5C4BE}.Debug (Adamas)|x64.ActiveCfg = Debug (Adamas)|Win32
		{5A2253BD-BDF0-4F0C-A53F-382D3EB5C4BE}.Debug (Ictus)|Win32.ActiveCfg = Debug (Ictus)|Win32
		{5A2253BD-BDF0-4F0C-A53F-382D3EB5C4BE}.Debug (Ictus)|Win32.Build.0 = Debug (Ictus)|Win32
		{5A2253BD-BDF0-4F0C-A53F-382D3EB5C4BE}.Debug (Ictus)|x64.ActiveCfg = Debug (Ictus)|Win32
		{5A2253BD-BDF0-4F0C-A53F-382D3EB5C4BE}.Debug (OpenKatana)|Win32.ActiveCfg = Debug (OpenKatana)|Win32
		{5A2253BD-BDF0-4F0C-A53F-382D3EB5C4BE}.Debug (OpenKatana)|Win32.Build.0 = Debug (OpenKatana)|Win32
		{5A2253BD-BDF0-4F0C-A53F-382D3EB5C4BE}.Debug (OpenKatana)|x64.ActiveCfg = Debug (OpenKatana)|Win32
		{5A2253BD-BDF0-4F0C-A53F-382D3EB5C4BE}.Debug|Win32.ActiveCfg = Debug|Win32
		{5A2253BD-BDF0-4F0C-A53F-382D3EB5C4BE}.Debug|Win32.Build.0 = Debug|Win32
		{5A2253BD-BDF0-4F0C-A53F-382D3EB5C4BE}.Debug|x64.ActiveCfg = Debug|Win32
		{5A2253BD-BDF0-4F0C-A53F-382D3EB5C4BE}.Release|Win32.ActiveCfg = Debug (OpenKatana)|Win32
		{5A2253BD-BDF0-4F0C-A53F-382D3EB5C4BE}.Release|Win32.Build.0 = Debug (OpenKatana)|Win32
		{5A2253BD-BDF0-4F0C-A53F-382D3EB5C4BE}.Release|x64.ActiveCfg = Debug (OpenKatana)|Win32
		{6BA71186-7156-4A79-ABAD-FC46D4492EA0}.Debug (Adamas)|Win32.ActiveCfg = Debug (Adamas)|Win32
		{6BA71186-7156-4A79-ABAD-FC46D4492EA0}.Debug (Adamas)|Win32.Build.0 = Debug (Adamas)|Win32
		{6BA71186-7156-4A79-ABAD-FC46D4492EA0}.Debug (Adamas)|x64.ActiveCfg = Debug (Adamas)|Win32
		{6BA71186-7156-4A79-ABAD-FC46D4492EA0}.Debug (Ictus)|Win32.ActiveCfg = Debug (Ictus)|Win32
		{6BA71186-7156-4A79-ABAD-FC46D4492EA0}.Debug (Ictus)|Win32.Build.0 = Debug (Ictus)|Win32
		{6BA71186-7156-4A79-ABAD-FC46D4492EA0}.Debug (Ictus)|x64.ActiveCfg = Debug (Ictus)|Win32
		{6BA71186-7156-4A79-ABAD-FC46D4492EA0}.Debug (OpenKatana)|Win32.ActiveCfg = Debug (OpenKatana)|Win32
		{6BA71186-7156-4A79-ABAD-FC46D4492EA0}.Debug (OpenKatana)|Win32.Build.0 = Debug (OpenKatana)|Win32
		{6BA71186-7156-4A79-ABAD-FC46D4492EA0}.Debug (OpenKatana)|x64.ActiveCfg = Debug (OpenKatana)|Win32
		{6BA71186-7156-4A79-ABAD-FC46D4492EA0}.Debug|Win32.ActiveCfg = Debug|Win32
		{6BA71186-7156-4A79-ABAD-FC46D4492EA0}.Debug|Win32.Build.0 = Debug|Win32
		{6BA71186-7156-4A79-ABAD-FC46D4492EA0}.Debug|x64.ActiveCfg = Debug|Win32
		{6BA71186-7156-4A79-ABAD-FC46D4492EA0}.Release|Win32.ActiveCfg = Debug (OpenKatana)|Win32
		{6BA71186-7156-4A79-ABAD-FC46D4492EA0}.Release|Win32.Build.0 = Debug (OpenKatana)|Win32
		{6BA71186-7156-4A79-ABAD-FC46D4492EA0}.Release|x64.ActiveCfg = Debug (OpenKatana)|Win32
	EndGlobalSection
	GlobalSection(SolutionProperties) = preSolution
		HideSolutionNode = FALSE
	EndGlobalSection
	GlobalSection(NestedProjects) = preSolution
		{5588B942-90A0-63A2-3369-523F456D79C5} = {C752AD1B-A414-4403-A927-1F6D033C9418}
		{5A2253BD-BDF0-4F0C-A53F-382D3EB5C4BE} = {C752AD1B-A414-4403-A927-1F6D033C9418}
		{6BA71186-7156-4A79-ABAD-FC46D4492EA0} = {C752AD1B-A414-4403-A927-1F6D033C9418}
		{9E7DC621-0D2D-803C-AAD4-6DDFA9C191E1} = {F8F2B76F-AEE3-4130-9A78-94BF985EACC2}
		{4529FB44-995D-49FD-B38C-50E175C87E04} = {F8F2B76F-AEE3-4130-9A78-94BF985EACC2}
		{91D40B93-1C1E-E4D2-8C8F-255471CCA0EC} = {A1423832-9C78-4437-AB29-7C59F21B1D4A}
		{DDDBE2D3-7AFE-4CBF-8DE5-636374F63DF2} = {A1423832-9C78-4437-AB29-7C59F21B1D4A}
	EndGlobalSection
EndGlobal
