<?xml version="1.0" encoding="utf-8"?>
<Project ToolsVersion="4.0" xmlns="http://schemas.microsoft.com/developer/msbuild/2003">
  <ItemGroup>
    <Filter Include="Shared">
      <UniqueIdentifier>{214bfd5b-5bbf-456a-aea5-11a0d707dd8e}</UniqueIdentifier>
    </Filter>
    <Filter Include="Networking">
      <UniqueIdentifier>{0f885fe7-9a55-4712-8eed-3387acba73a7}</UniqueIdentifier>
    </Filter>
    <Filter Include="Video">
      <UniqueIdentifier>{77ea4c2d-fc29-4aeb-bb27-3c33e9606552}</UniqueIdentifier>
    </Filter>
    <Filter Include="Audio">
      <UniqueIdentifier>{756baf0d-9c64-4827-ba82-fcc905b86cbe}</UniqueIdentifier>
    </Filter>
    <Filter Include="Editor">
      <UniqueIdentifier>{1178c8d7-e22f-4b83-a122-c5327d9bb2d1}</UniqueIdentifier>
    </Filter>
    <Filter Include="Modules">
      <UniqueIdentifier>{363525c9-c8a7-44ef-9df7-5fac45c5b6cf}</UniqueIdentifier>
    </Filter>
    <Filter Include="Old">
      <UniqueIdentifier>{e00778df-b576-4da4-ada2-0e2b7435e56d}</UniqueIdentifier>
    </Filter>
    <Filter Include="Client">
      <UniqueIdentifier>{4b6ffd32-f8d6-4390-ba72-627e5b1fafc9}</UniqueIdentifier>
    </Filter>
  </ItemGroup>
  <ItemGroup>
    <ClCompile Include="engine_screen.c">
      <Filter>Video</Filter>
    </ClCompile>
    <ClCompile Include="engine_view.c">
      <Filter>Video</Filter>
    </ClCompile>
    <ClCompile Include="engine_light.c">
      <Filter>Video</Filter>
    </ClCompile>
    <ClCompile Include="engine_sprite.c">
      <Filter>Video</Filter>
    </ClCompile>
    <ClCompile Include="..\external\glee\GLee.c">
      <Filter>Video</Filter>
    </ClCompile>
    <ClCompile Include="..\shared\shared_math.c">
      <Filter>Shared</Filter>
    </ClCompile>
    <ClCompile Include="..\shared\shared_png.c">
      <Filter>Shared</Filter>
    </ClCompile>
    <ClCompile Include="engine_network.c">
      <Filter>Networking</Filter>
    </ClCompile>
    <ClCompile Include="engine_client.c" />
    <ClCompile Include="engine_console.c" />
    <ClCompile Include="engine_input.c" />
    <ClCompile Include="engine_loader.c" />
    <ClCompile Include="engine_main.c" />
    <ClCompile Include="engine_world.c" />
    <ClCompile Include="engine_server.c" />
    <ClCompile Include="engine_script.c" />
    <ClCompile Include="engine_physics.c" />
    <ClCompile Include="engine_cvar.c" />
    <ClCompile Include="engine_command.c" />
    <ClCompile Include="engine_audio.c">
      <Filter>Audio</Filter>
    </ClCompile>
    <ClCompile Include="engine_alias.c">
      <Filter>Video</Filter>
    </ClCompile>
    <ClCompile Include="engine_video.c">
      <Filter>Video</Filter>
    </ClCompile>
    <ClCompile Include="engine_editor.c">
      <Filter>Editor</Filter>
    </ClCompile>
    <ClCompile Include="engine_game.c">
      <Filter>Modules</Filter>
    </ClCompile>
    <ClCompile Include="engine_menu.c">
      <Filter>Modules</Filter>
    </ClCompile>
    <ClCompile Include="engine_font.c">
      <Filter>Video</Filter>
    </ClCompile>
    <ClCompile Include="r_brush.c">
      <Filter>Old</Filter>
    </ClCompile>
    <ClCompile Include="r_world.c">
      <Filter>Old</Filter>
    </ClCompile>
    <ClCompile Include="gl_model.c">
      <Filter>Old</Filter>
    </ClCompile>
    <ClCompile Include="gl_rmain.c">
      <Filter>Old</Filter>
    </ClCompile>
    <ClCompile Include="image.c">
      <Filter>Old</Filter>
    </ClCompile>
    <ClCompile Include="common.c">
      <Filter>Old</Filter>
    </ClCompile>
    <ClCompile Include="KatGL.c">
      <Filter>Old</Filter>
    </ClCompile>
    <ClCompile Include="sv_user.c">
      <Filter>Old</Filter>
    </ClCompile>
    <ClCompile Include="gl_rmisc.c">
      <Filter>Old</Filter>
    </ClCompile>
    <ClCompile Include="gl_warp.c">
      <Filter>Old</Filter>
    </ClCompile>
    <ClCompile Include="gl_sky.c">
      <Filter>Old</Filter>
    </ClCompile>
    <ClCompile Include="menu.c">
      <Filter>Old</Filter>
    </ClCompile>
    <ClCompile Include="host.c">
      <Filter>Old</Filter>
    </ClCompile>
    <ClCompile Include="sys_win.c">
      <Filter>Old</Filter>
    </ClCompile>
    <ClCompile Include="net_wins.c">
      <Filter>Old</Filter>
    </ClCompile>
    <ClCompile Include="host_cmd.c">
      <Filter>Old</Filter>
    </ClCompile>
    <ClCompile Include="console.c">
      <Filter>Old</Filter>
    </ClCompile>
    <ClCompile Include="net_main.c">
      <Filter>Old</Filter>
    </ClCompile>
    <ClCompile Include="pr_edict.c">
      <Filter>Old</Filter>
    </ClCompile>
    <ClCompile Include="zone.c">
      <Filter>Old</Filter>
    </ClCompile>
    <ClCompile Include="sv_main.c">
      <Filter>Old</Filter>
    </ClCompile>
    <ClCompile Include="net_win.c">
      <Filter>Old</Filter>
    </ClCompile>
    <ClCompile Include="net_loop.c">
      <Filter>Old</Filter>
    </ClCompile>
    <ClCompile Include="net_dgrm.c">
      <Filter>Old</Filter>
    </ClCompile>
    <ClCompile Include="keys.c">
      <Filter>Old</Filter>
    </ClCompile>
    <ClCompile Include="gl_vidnt.c">
      <Filter>Old</Filter>
    </ClCompile>
    <ClCompile Include="gl_texmgr.c">
      <Filter>Old</Filter>
    </ClCompile>
    <ClCompile Include="gl_refrag.c">
      <Filter>Old</Filter>
    </ClCompile>
    <ClCompile Include="gl_fog.c">
      <Filter>Old</Filter>
    </ClCompile>
    <ClCompile Include="gl_draw.c">
      <Filter>Old</Filter>
    </ClCompile>
    <ClCompile Include="crc.c">
      <Filter>Old</Filter>
    </ClCompile>
    <ClCompile Include="conproc.c">
      <Filter>Old</Filter>
    </ClCompile>
    <ClCompile Include="cmdlib.c">
      <Filter>Old</Filter>
    </ClCompile>
    <ClCompile Include="chase.c">
      <Filter>Old</Filter>
    </ClCompile>
    <ClCompile Include="engine_masterserver.c">
      <Filter>Networking</Filter>
    </ClCompile>
    <ClCompile Include="snd_win.c">
      <Filter>Audio</Filter>
    </ClCompile>
    <ClCompile Include="snd_mix.c">
      <Filter>Audio</Filter>
    </ClCompile>
    <ClCompile Include="snd_mem.c">
      <Filter>Audio</Filter>
    </ClCompile>
    <ClCompile Include="snd_dma.c">
      <Filter>Audio</Filter>
    </ClCompile>
    <ClCompile Include="cl_demo.c">
      <Filter>Client</Filter>
    </ClCompile>
    <ClCompile Include="cl_input.c">
      <Filter>Client</Filter>
    </ClCompile>
    <ClCompile Include="cl_parse.c">
      <Filter>Client</Filter>
    </ClCompile>
    <ClCompile Include="cl_tent.c">
      <Filter>Client</Filter>
    </ClCompile>
    <ClCompile Include="cl_main.c">
      <Filter>Client</Filter>
    </ClCompile>
  </ItemGroup>
  <ItemGroup>
    <ClInclude Include="..\shared\shared_client.h">
      <Filter>Shared</Filter>
    </ClInclude>
    <ClInclude Include="..\shared\shared_editor.h">
      <Filter>Shared</Filter>
    </ClInclude>
    <ClInclude Include="..\shared\shared_engine.h">
      <Filter>Shared</Filter>
    </ClInclude>
    <ClInclude Include="..\shared\shared_flags.h">
      <Filter>Shared</Filter>
    </ClInclude>
    <ClInclude Include="..\shared\shared_formats.h">
      <Filter>Shared</Filter>
    </ClInclude>
    <ClInclude Include="..\shared\shared_game.h">
      <Filter>Shared</Filter>
    </ClInclude>
    <ClInclude Include="..\shared\shared_input.h">
      <Filter>Shared</Filter>
    </ClInclude>
    <ClInclude Include="..\shared\shared_math.h">
      <Filter>Shared</Filter>
    </ClInclude>
    <ClInclude Include="..\shared\shared_menu.h">
      <Filter>Shared</Filter>
    </ClInclude>
    <ClInclude Include="..\shared\shared_module.h">
      <Filter>Shared</Filter>
    </ClInclude>
    <ClInclude Include="..\shared\shared_png.h">
      <Filter>Shared</Filter>
    </ClInclude>
    <ClInclude Include="..\shared\shared_server.h">
      <Filter>Shared</Filter>
    </ClInclude>
    <ClInclude Include="engine_editor.h">
      <Filter>Editor</Filter>
    </ClInclude>
    <ClInclude Include="pr_comp.h">
      <Filter>Old</Filter>
    </ClInclude>
    <ClInclude Include="engine_console.h">
      <Filter>Old</Filter>
    </ClInclude>
    <ClInclude Include="engine_client.h">
      <Filter>Old</Filter>
    </ClInclude>
    <ClInclude Include="crc.h">
      <Filter>Old</Filter>
    </ClInclude>
    <ClInclude Include="cvar.h">
      <Filter>Old</Filter>
    </ClInclude>
    <ClInclude Include="console.h">
      <Filter>Old</Filter>
    </ClInclude>
    <ClInclude Include="conproc.h">
      <Filter>Old</Filter>
    </ClInclude>
    <ClInclude Include="common.h">
      <Filter>Old</Filter>
    </ClInclude>
    <ClInclude Include="cmdlib.h">
      <Filter>Old</Filter>
    </ClInclude>
    <ClInclude Include="cmd.h">
      <Filter>Old</Filter>
    </ClInclude>
    <ClInclude Include="engine_video.h">
      <Filter>Old</Filter>
    </ClInclude>
    <ClInclude Include="engine_script.h">
      <Filter>Old</Filter>
    </ClInclude>
    <ClInclude Include="glquake.h">
      <Filter>Old</Filter>
    </ClInclude>
    <ClInclude Include="server.h">
      <Filter>Old</Filter>
    </ClInclude>
    <ClInclude Include="quakedef.h">
      <Filter>Old</Filter>
    </ClInclude>
    <ClInclude Include="engine_main.h">
      <Filter>Old</Filter>
    </ClInclude>
    <ClInclude Include="winquake.h">
      <Filter>Old</Filter>
    </ClInclude>
    <ClInclude Include="zone.h">
      <Filter>Old</Filter>
    </ClInclude>
    <ClInclude Include="world.h">
      <Filter>Old</Filter>
    </ClInclude>
    <ClInclude Include="view.h">
      <Filter>Old</Filter>
    </ClInclude>
    <ClInclude Include="vid.h">
      <Filter>Old</Filter>
    </ClInclude>
    <ClInclude Include="sys.h">
      <Filter>Old</Filter>
    </ClInclude>
    <ClInclude Include="sound.h">
      <Filter>Old</Filter>
    </ClInclude>
    <ClInclude Include="screen.h">
      <Filter>Old</Filter>
    </ClInclude>
    <ClInclude Include="render.h">
      <Filter>Old</Filter>
    </ClInclude>
    <ClInclude Include="resource.h">
      <Filter>Old</Filter>
    </ClInclude>
    <ClInclude Include="progs.h">
      <Filter>Old</Filter>
    </ClInclude>
    <ClInclude Include="protocol.h">
      <Filter>Old</Filter>
    </ClInclude>
    <ClInclude Include="net_wins.h">
      <Filter>Old</Filter>
    </ClInclude>
    <ClInclude Include="net_ser.h">
      <Filter>Old</Filter>
    </ClInclude>
    <ClInclude Include="net_loop.h">
      <Filter>Old</Filter>
    </ClInclude>
    <ClInclude Include="net_dgrm.h">
      <Filter>Old</Filter>
    </ClInclude>
    <ClInclude Include="net.h">
      <Filter>Old</Filter>
    </ClInclude>
    <ClInclude Include="menu.h">
      <Filter>Old</Filter>
    </ClInclude>
    <ClInclude Include="keys.h">
      <Filter>Old</Filter>
    </ClInclude>
    <ClInclude Include="image.h">
      <Filter>Old</Filter>
    </ClInclude>
    <ClInclude Include="gl_texmgr.h">
      <Filter>Old</Filter>
    </ClInclude>
    <ClInclude Include="gl_model.h">
      <Filter>Old</Filter>
    </ClInclude>
    <ClInclude Include="engine_server.h">
      <Filter>Old</Filter>
    </ClInclude>
    <ClInclude Include="engine_physics.h">
      <Filter>Old</Filter>
    </ClInclude>
    <ClInclude Include="engine_menu.h">
      <Filter>Old</Filter>
    </ClInclude>
    <ClInclude Include="engine_loader.h">
      <Filter>Old</Filter>
    </ClInclude>
    <ClInclude Include="engine_input.h">
      <Filter>Old</Filter>
    </ClInclude>
    <ClInclude Include="engine_game.h">
      <Filter>Old</Filter>
    </ClInclude>
    <ClInclude Include="engine_edict.h">
      <Filter>Old</Filter>
    </ClInclude>
    <ClInclude Include="engine_audio.h">
      <Filter>Old</Filter>
    </ClInclude>
    <ClInclude Include="draw.h">
      <Filter>Old</Filter>
    </ClInclude>
    <ClInclude Include="KatGL.h">
      <Filter>Old</Filter>
    </ClInclude>
    <ClInclude Include="KatAlias.h">
      <Filter>Old</Filter>
    </ClInclude>
    <ClInclude Include="KatEditor.h">
      <Filter>Old</Filter>
    </ClInclude>
    <ClInclude Include="client.h">
      <Filter>Client</Filter>
    </ClInclude>
  </ItemGroup>
  <ItemGroup>
    <ResourceCompile Include="engine.rc">
      <Filter>Old</Filter>
    </ResourceCompile>
  </ItemGroup>
</Project>