
Microsoft Visual Studio Solution File, Format Version 12.00
# Visual Studio Express 2013 for Windows Desktop
VisualStudioVersion = 12.0.21005.1
MinimumVisualStudioVersion = 10.0.40219.1
Project("{8BC9CEB8-8B4A-11D0-8D11-00A0C91BC942}") = "PythonClient", "python_client\PythonClient.vcxproj", "{5A2253BD-BDF0-4F0C-A53F-382D3EB5C4BE}"
EndProject
Project("{8BC9CEB8-8B4A-11D0-8D11-00A0C91BC942}") = "OALClient", "openal_client\OALClient.vcxproj", "{7EB6FCBB-ABCD-4D55-B431-FD6FFA773ED1}"
EndProject
Global
	GlobalSection(SolutionConfigurationPlatforms) = preSolution
		Adamas|Win32 = Adamas|Win32
		Adamas|x64 = Adamas|x64
		Debug|Win32 = Debug|Win32
		Debug|x64 = Debug|x64
		Editor|Win32 = Editor|Win32
		Editor|x64 = Editor|x64
		OpenKatana|Win32 = OpenKatana|Win32
		OpenKatana|x64 = OpenKatana|x64
	EndGlobalSection
	GlobalSection(ProjectConfigurationPlatforms) = postSolution
		{5A2253BD-BDF0-4F0C-A53F-382D3EB5C4BE}.Adamas|Win32.ActiveCfg = Adamas|Win32
		{5A2253BD-BDF0-4F0C-A53F-382D3EB5C4BE}.Adamas|Win32.Build.0 = Adamas|Win32
		{5A2253BD-BDF0-4F0C-A53F-382D3EB5C4BE}.Adamas|x64.ActiveCfg = Adamas|x64
		{5A2253BD-BDF0-4F0C-A53F-382D3EB5C4BE}.Adamas|x64.Build.0 = Adamas|x64
		{5A2253BD-BDF0-4F0C-A53F-382D3EB5C4BE}.Debug|Win32.ActiveCfg = Debug|Win32
		{5A2253BD-BDF0-4F0C-A53F-382D3EB5C4BE}.Debug|Win32.Build.0 = Debug|Win32
		{5A2253BD-BDF0-4F0C-A53F-382D3EB5C4BE}.Debug|x64.ActiveCfg = Debug|x64
		{5A2253BD-BDF0-4F0C-A53F-382D3EB5C4BE}.Debug|x64.Build.0 = Debug|x64
		{5A2253BD-BDF0-4F0C-A53F-382D3EB5C4BE}.Editor|Win32.ActiveCfg = Editor|Win32
		{5A2253BD-BDF0-4F0C-A53F-382D3EB5C4BE}.Editor|Win32.Build.0 = Editor|Win32
		{5A2253BD-BDF0-4F0C-A53F-382D3EB5C4BE}.Editor|x64.ActiveCfg = Editor|x64
		{5A2253BD-BDF0-4F0C-A53F-382D3EB5C4BE}.Editor|x64.Build.0 = Editor|x64
		{5A2253BD-BDF0-4F0C-A53F-382D3EB5C4BE}.OpenKatana|Win32.ActiveCfg = OpenKatana|Win32
		{5A2253BD-BDF0-4F0C-A53F-382D3EB5C4BE}.OpenKatana|Win32.Build.0 = OpenKatana|Win32
		{5A2253BD-BDF0-4F0C-A53F-382D3EB5C4BE}.OpenKatana|x64.ActiveCfg = OpenKatana|x64
		{5A2253BD-BDF0-4F0C-A53F-382D3EB5C4BE}.OpenKatana|x64.Build.0 = OpenKatana|x64
		{7EB6FCBB-ABCD-4D55-B431-FD6FFA773ED1}.Adamas|Win32.ActiveCfg = Adamas|Win32
		{7EB6FCBB-ABCD-4D55-B431-FD6FFA773ED1}.Adamas|Win32.Build.0 = Adamas|Win32
		{7EB6FCBB-ABCD-4D55-B431-FD6FFA773ED1}.Adamas|x64.ActiveCfg = Adamas|x64
		{7EB6FCBB-ABCD-4D55-B431-FD6FFA773ED1}.Adamas|x64.Build.0 = Adamas|x64
		{7EB6FCBB-ABCD-4D55-B431-FD6FFA773ED1}.Debug|Win32.ActiveCfg = Debug|Win32
		{7EB6FCBB-ABCD-4D55-B431-FD6FFA773ED1}.Debug|Win32.Build.0 = Debug|Win32
		{7EB6FCBB-ABCD-4D55-B431-FD6FFA773ED1}.Debug|x64.ActiveCfg = Debug|x64
		{7EB6FCBB-ABCD-4D55-B431-FD6FFA773ED1}.Debug|x64.Build.0 = Debug|x64
		{7EB6FCBB-ABCD-4D55-B431-FD6FFA773ED1}.Editor|Win32.ActiveCfg = Editor|Win32
		{7EB6FCBB-ABCD-4D55-B431-FD6FFA773ED1}.Editor|Win32.Build.0 = Editor|Win32
		{7EB6FCBB-ABCD-4D55-B431-FD6FFA773ED1}.Editor|x64.ActiveCfg = Editor|x64
		{7EB6FCBB-ABCD-4D55-B431-FD6FFA773ED1}.Editor|x64.Build.0 = Editor|x64
		{7EB6FCBB-ABCD-4D55-B431-FD6FFA773ED1}.OpenKatana|Win32.ActiveCfg = OpenKatana|Win32
		{7EB6FCBB-ABCD-4D55-B431-FD6FFA773ED1}.OpenKatana|Win32.Build.0 = OpenKatana|Win32
		{7EB6FCBB-ABCD-4D55-B431-FD6FFA773ED1}.OpenKatana|x64.ActiveCfg = OpenKatana|x64
		{7EB6FCBB-ABCD-4D55-B431-FD6FFA773ED1}.OpenKatana|x64.Build.0 = OpenKatana|x64
	EndGlobalSection
	GlobalSection(SolutionProperties) = preSolution
		HideSolutionNode = FALSE
	EndGlobalSection
EndGlobal
