<?xml version="1.0" encoding="UTF-8" standalone="yes" ?>
<CodeBlocks_project_file>
	<FileVersion major="1" minor="6" />
	<Project>
		<Option title="Editor" />
		<Option pch_mode="2" />
		<Option compiler="gcc" />
		<Build>
			<Target title="x64">
				<Option output="../../../Katana Editor" prefix_auto="1" extension_auto="1" />
				<Option object_output="obj/Release/" />
				<Option type="0" />
				<Option compiler="gcc" />
				<Compiler>
					<Add option="-O2" />
					<Add option="-g" />
				</Compiler>
				<Linker>
					<Add library="..\platform\lib\libplatformx64.a" />
				</Linker>
			</Target>
		</Build>
		<Compiler>
			<Add option="-Wall" />
			<Add option="-g" />
			<Add option="`pkg-config gtk+-2.0 --cflags`" />
			<Add directory="../editor" />
			<Add directory="../shared" />
			<Add directory="../platform/include" />
		</Compiler>
		<Linker>
			<Add option="-lGL" />
			<Add option="-lGLU" />
			<Add option="`pkg-config gtk+-2.0 --libs`" />
			<Add library="X11" />
		</Linker>
		<Unit filename="editor_main.cpp" />
		<Unit filename="editor_main.h" />
		<Extensions>
			<code_completion />
			<debugger />
			<envvars />
		</Extensions>
	</Project>
</CodeBlocks_project_file>
