<?xml version="1.0" encoding="utf-8"?>
<Project ToolsVersion="4.0" xmlns="http://schemas.microsoft.com/developer/msbuild/2003">
  <ItemGroup>
    <Filter Include="Source Files">
      <UniqueIdentifier>{4FC737F1-C7A5-4376-A066-2A32D752A2FF}</UniqueIdentifier>
      <Extensions>cpp;c;cc;cxx;def;odl;idl;hpj;bat;asm;asmx</Extensions>
    </Filter>
    <Filter Include="Resource Files">
      <UniqueIdentifier>{67DA6AB6-F800-4c08-8B7A-83BB121AAD01}</UniqueIdentifier>
      <Extensions>rc;ico;cur;bmp;dlg;rc2;rct;bin;rgs;gif;jpg;jpeg;jpe;resx;tiff;tif;png;wav;mfcribbon-ms</Extensions>
    </Filter>
    <Filter Include="Source Files\Shared">
      <UniqueIdentifier>{15016726-7ce8-4272-a3df-d8cfbc48da54}</UniqueIdentifier>
    </Filter>
    <Filter Include="Source Files\Shared\Common">
      <UniqueIdentifier>{29bee682-4432-4b6f-b037-f15019f15b64}</UniqueIdentifier>
    </Filter>
  </ItemGroup>
  <ItemGroup>
    <ClCompile Include="menu_script.c">
      <Filter>Source Files</Filter>
    </ClCompile>
    <ClCompile Include="..\Shared\shared_math.c">
      <Filter>Source Files\Shared</Filter>
    </ClCompile>
    <ClCompile Include="menu_main.c">
      <Filter>Source Files</Filter>
    </ClCompile>
    <ClCompile Include="menu_button.c">
      <Filter>Source Files</Filter>
    </ClCompile>
    <ClCompile Include="menu_input.c">
      <Filter>Source Files</Filter>
    </ClCompile>
  </ItemGroup>
  <ItemGroup>
    <ClInclude Include=".\menu_main.h">
      <Filter>Source Files</Filter>
    </ClInclude>
    <ClInclude Include="..\Shared\shared_menu.h">
      <Filter>Source Files\Shared</Filter>
    </ClInclude>
    <ClInclude Include="..\Shared\shared_math.h">
      <Filter>Source Files\Shared</Filter>
    </ClInclude>
    <ClInclude Include="menu_script.h">
      <Filter>Source Files</Filter>
    </ClInclude>
    <ClInclude Include="menu_button.h">
      <Filter>Source Files</Filter>
    </ClInclude>
    <ClInclude Include="..\Shared\shared_client.h">
      <Filter>Source Files\Shared</Filter>
    </ClInclude>
  </ItemGroup>
</Project>